
Microsoft Visual Studio Solution File, Format Version 12.00
# Visual Studio Version 17
VisualStudioVersion = 17.14.36915.13 d17.14
MinimumVisualStudioVersion = 10.0.40219.1
Project("{FAE04EC0-301F-11D3-BF4B-00C04F79EFBC}") = "task3", "task3\task3.csproj", "{3B8409BC-D839-480D-8F09-FE66C25F636C}"
EndProject
Global
	GlobalSection(SolutionConfigurationPlatforms) = preSolution
		Debug|Any CPU = Debug|Any CPU
		Release|Any CPU = Release|Any CPU
	EndGlobalSection
	GlobalSection(ProjectConfigurationPlatforms) = postSolution
		{3B8409BC-D839-480D-8F09-FE66C25F636C}.Debug|Any CPU.ActiveCfg = Debug|Any CPU
		{3B8409BC-D839-480D-8F09-FE66C25F636C}.Debug|Any CPU.Build.0 = Debug|Any CPU
		{3B8409BC-D839-480D-8F09-FE66C25F636C}.Release|Any CPU.ActiveCfg = Release|Any CPU
		{3B8409BC-D839-480D-8F09-FE66C25F636C}.Release|Any CPU.Build.0 = Release|Any CPU
	EndGlobalSection
	GlobalSection(SolutionProperties) = preSolution
		HideSolutionNode = FALSE
	EndGlobalSection
	GlobalSection(ExtensibilityGlobals) = postSolution
		SolutionGuid = {D8FD1482-AAA0-4BD1-BC05-CF0F77A349CA}
	EndGlobalSection
EndGlobal
